
Microsoft Visual Studio Solution File, Format Version 12.00
# Visual Studio 15
VisualStudioVersion = 15.0.27428.2015
MinimumVisualStudioVersion = 10.0.40219.1
Project("{8BC9CEB8-8B4A-11D0-8D11-00A0C91BC942}") = "WinColor", "WinColor\WinColor.vcxproj", "{600CCA2D-1347-4BD5-BFEC-62D9708C8919}"
EndProject
Global
	GlobalSection(SolutionConfigurationPlatforms) = preSolution
		Debug|x64 = Debug|x64
		Debug|x86 = Debug|x86
		Release|x64 = Release|x64
		Release|x86 = Release|x86
	EndGlobalSection
	GlobalSection(ProjectConfigurationPlatforms) = postSolution
		{600CCA2D-1347-4BD5-BFEC-62D9708C8919}.Debug|x64.ActiveCfg = Debug|x64
		{600CCA2D-1347-4BD5-BFEC-62D9708C8919}.Debug|x64.Build.0 = Debug|x64
		{600CCA2D-1347-4BD5-BFEC-62D9708C8919}.Debug|x86.ActiveCfg = Debug|Win32
		{600CCA2D-1347-4BD5-BFEC-62D9708C8919}.Debug|x86.Build.0 = Debug|Win32
		{600CCA2D-1347-4BD5-BFEC-62D9708C8919}.Release|x64.ActiveCfg = Release|x64
		{600CCA2D-1347-4BD5-BFEC-62D9708C8919}.Release|x64.Build.0 = Release|x64
		{600CCA2D-1347-4BD5-BFEC-62D9708C8919}.Release|x86.ActiveCfg = Release|Win32
		{600CCA2D-1347-4BD5-BFEC-62D9708C8919}.Release|x86.Build.0 = Release|Win32
	EndGlobalSection
	GlobalSection(SolutionProperties) = preSolution
		HideSolutionNode = FALSE
	EndGlobalSection
	GlobalSection(ExtensibilityGlobals) = postSolution
		SolutionGuid = {F968AA83-40E0-4999-90A4-42892117616B}
	EndGlobalSection
EndGlobal
